
Microsoft Visual Studio Solution File, Format Version 12.00
# Visual Studio Version 17
VisualStudioVersion = 17.1.32421.90
MinimumVisualStudioVersion = 10.0.40219.1
Project("{FAE04EC0-301F-11D3-BF4B-00C04F79EFBC}") = "Pair Programming Dia1", "Pair Programming Dia1\Pair Programming Dia1.csproj", "{51BAB728-076D-4689-8632-B9C345201AEA}"
EndProject
Global
	GlobalSection(SolutionConfigurationPlatforms) = preSolution
		Debug|Any CPU = Debug|Any CPU
		Release|Any CPU = Release|Any CPU
	EndGlobalSection
	GlobalSection(ProjectConfigurationPlatforms) = postSolution
		{51BAB728-076D-4689-8632-B9C345201AEA}.Debug|Any CPU.ActiveCfg = Debug|Any CPU
		{51BAB728-076D-4689-8632-B9C345201AEA}.Debug|Any CPU.Build.0 = Debug|Any CPU
		{51BAB728-076D-4689-8632-B9C345201AEA}.Release|Any CPU.ActiveCfg = Release|Any CPU
		{51BAB728-076D-4689-8632-B9C345201AEA}.Release|Any CPU.Build.0 = Release|Any CPU
	EndGlobalSection
	GlobalSection(SolutionProperties) = preSolution
		HideSolutionNode = FALSE
	EndGlobalSection
	GlobalSection(ExtensibilityGlobals) = postSolution
		SolutionGuid = {2EFB2465-4060-45D2-AE32-1F58FFB9364A}
	EndGlobalSection
EndGlobal
